
Microsoft Visual Studio Solution File, Format Version 12.00
# Visual Studio Version 17
VisualStudioVersion = 17.3.32929.385
MinimumVisualStudioVersion = 10.0.40219.1
Project("{9A19103F-16F7-4668-BE54-9A1E7A4F7556}") = "CQRS_JWTApp.MVC", "CQRS_JWTApp.MVC\CQRS_JWTApp.MVC.csproj", "{5F53EFC6-5F84-4850-84D3-1B1A8A17297E}"
EndProject
Project("{2150E333-8FDC-42A3-9474-1A3956D46DE8}") = "Onion", "Onion", "{C3A647BE-0C3E-414A-93D6-FB774A26B259}"
EndProject
Project("{2150E333-8FDC-42A3-9474-1A3956D46DE8}") = "Core", "Core", "{795A83F0-9304-4A19-8DC8-102DF9997F8F}"
EndProject
Project("{2150E333-8FDC-42A3-9474-1A3956D46DE8}") = "Infrastructure", "Infrastructure", "{DCA19ADF-B1F9-4751-8885-67D8F991B189}"
EndProject
Project("{2150E333-8FDC-42A3-9474-1A3956D46DE8}") = "Presentation", "Presentation", "{9A1D0D93-2EF8-4BED-9723-F81A76231CA7}"
EndProject
Project("{9A19103F-16F7-4668-BE54-9A1E7A4F7556}") = "JwtApp.Domain", "Onion\Core\JwtApp.Domain\JwtApp.Domain.csproj", "{9ADCBB05-F042-43C1-B77C-D7EE6B88BB30}"
EndProject
Project("{9A19103F-16F7-4668-BE54-9A1E7A4F7556}") = "JwtApp.Application", "Onion\Core\JwtApp.Application\JwtApp.Application.csproj", "{40DF218F-33A4-4DD0-9C6B-6553B6A46944}"
EndProject
Project("{9A19103F-16F7-4668-BE54-9A1E7A4F7556}") = "JwtApp.Persistance", "Onion\Infrastructure\JwtApp.Persistance\JwtApp.Persistance.csproj", "{CC8E2909-BA58-422D-8C68-1F8FEA16237D}"
EndProject
Project("{9A19103F-16F7-4668-BE54-9A1E7A4F7556}") = "JwtApp.Api", "Onion\Presentation\JwtApp.Api\JwtApp.Api.csproj", "{EA76C081-F8BE-42B9-A5FE-0A828B3F36C5}"
EndProject
Global
	GlobalSection(SolutionConfigurationPlatforms) = preSolution
		Debug|Any CPU = Debug|Any CPU
		Release|Any CPU = Release|Any CPU
	EndGlobalSection
	GlobalSection(ProjectConfigurationPlatforms) = postSolution
		{5F53EFC6-5F84-4850-84D3-1B1A8A17297E}.Debug|Any CPU.ActiveCfg = Debug|Any CPU
		{5F53EFC6-5F84-4850-84D3-1B1A8A17297E}.Debug|Any CPU.Build.0 = Debug|Any CPU
		{5F53EFC6-5F84-4850-84D3-1B1A8A17297E}.Release|Any CPU.ActiveCfg = Release|Any CPU
		{5F53EFC6-5F84-4850-84D3-1B1A8A17297E}.Release|Any CPU.Build.0 = Release|Any CPU
		{9ADCBB05-F042-43C1-B77C-D7EE6B88BB30}.Debug|Any CPU.ActiveCfg = Debug|Any CPU
		{9ADCBB05-F042-43C1-B77C-D7EE6B88BB30}.Debug|Any CPU.Build.0 = Debug|Any CPU
		{9ADCBB05-F042-43C1-B77C-D7EE6B88BB30}.Release|Any CPU.ActiveCfg = Release|Any CPU
		{9ADCBB05-F042-43C1-B77C-D7EE6B88BB30}.Release|Any CPU.Build.0 = Release|Any CPU
		{40DF218F-33A4-4DD0-9C6B-6553B6A46944}.Debug|Any CPU.ActiveCfg = Debug|Any CPU
		{40DF218F-33A4-4DD0-9C6B-6553B6A46944}.Debug|Any CPU.Build.0 = Debug|Any CPU
		{40DF218F-33A4-4DD0-9C6B-6553B6A46944}.Release|Any CPU.ActiveCfg = Release|Any CPU
		{40DF218F-33A4-4DD0-9C6B-6553B6A46944}.Release|Any CPU.Build.0 = Release|Any CPU
		{CC8E2909-BA58-422D-8C68-1F8FEA16237D}.Debug|Any CPU.ActiveCfg = Debug|Any CPU
		{CC8E2909-BA58-422D-8C68-1F8FEA16237D}.Debug|Any CPU.Build.0 = Debug|Any CPU
		{CC8E2909-BA58-422D-8C68-1F8FEA16237D}.Release|Any CPU.ActiveCfg = Release|Any CPU
		{CC8E2909-BA58-422D-8C68-1F8FEA16237D}.Release|Any CPU.Build.0 = Release|Any CPU
		{EA76C081-F8BE-42B9-A5FE-0A828B3F36C5}.Debug|Any CPU.ActiveCfg = Debug|Any CPU
		{EA76C081-F8BE-42B9-A5FE-0A828B3F36C5}.Debug|Any CPU.Build.0 = Debug|Any CPU
		{EA76C081-F8BE-42B9-A5FE-0A828B3F36C5}.Release|Any CPU.ActiveCfg = Release|Any CPU
		{EA76C081-F8BE-42B9-A5FE-0A828B3F36C5}.Release|Any CPU.Build.0 = Release|Any CPU
	EndGlobalSection
	GlobalSection(SolutionProperties) = preSolution
		HideSolutionNode = FALSE
	EndGlobalSection
	GlobalSection(NestedProjects) = preSolution
		{795A83F0-9304-4A19-8DC8-102DF9997F8F} = {C3A647BE-0C3E-414A-93D6-FB774A26B259}
		{DCA19ADF-B1F9-4751-8885-67D8F991B189} = {C3A647BE-0C3E-414A-93D6-FB774A26B259}
		{9A1D0D93-2EF8-4BED-9723-F81A76231CA7} = {C3A647BE-0C3E-414A-93D6-FB774A26B259}
		{9ADCBB05-F042-43C1-B77C-D7EE6B88BB30} = {795A83F0-9304-4A19-8DC8-102DF9997F8F}
		{40DF218F-33A4-4DD0-9C6B-6553B6A46944} = {795A83F0-9304-4A19-8DC8-102DF9997F8F}
		{CC8E2909-BA58-422D-8C68-1F8FEA16237D} = {DCA19ADF-B1F9-4751-8885-67D8F991B189}
		{EA76C081-F8BE-42B9-A5FE-0A828B3F36C5} = {9A1D0D93-2EF8-4BED-9723-F81A76231CA7}
	EndGlobalSection
	GlobalSection(ExtensibilityGlobals) = postSolution
		SolutionGuid = {9B95251F-B344-4117-8A85-67549808D913}
	EndGlobalSection
EndGlobal
